// !$*UTF8*$!
{
	archiveVersion = 1;
	classes = {
	};
	objectVersion = 50;
	objects = {

/* Begin PBXBuildFile section */
		34AE407125A6DA8000B9E08E /* MyDemoAppApp.swift in Sources */ = {isa = PBXBuildFile; fileRef = 34AE405E25A6DA7C00B9E08E /* MyDemoAppApp.swift */; };
		34AE407225A6DA8000B9E08E /* MyDemoAppApp.swift in Sources */ = {isa = PBXBuildFile; fileRef = 34AE405E25A6DA7C00B9E08E /* MyDemoAppApp.swift */; };
		34AE407325A6DA8000B9E08E /* ContentView.swift in Sources */ = {isa = PBXBuildFile; fileRef = 34AE405F25A6DA7C00B9E08E /* ContentView.swift */; };
		34AE407425A6DA8000B9E08E /* ContentView.swift in Sources */ = {isa = PBXBuildFile; fileRef = 34AE405F25A6DA7C00B9E08E /* ContentView.swift */; };
		34AE407525A6DA8000B9E08E /* Assets.xcassets in Resources */ = {isa = PBXBuildFile; fileRef = 34AE406025A6DA8000B9E08E /* Assets.xcassets */; };
		34AE407625A6DA8000B9E08E /* Assets.xcassets in Resources */ = {isa = PBXBuildFile; fileRef = 34AE406025A6DA8000B9E08E /* Assets.xcassets */; };
/* End PBXBuildFile section */

/* Begin PBXFileReference section */
		34AE405E25A6DA7C00B9E08E /* MyDemoAppApp.swift */ = {isa = PBXFileReference; lastKnownFileType = sourcecode.swift; path = MyDemoAppApp.swift; sourceTree = "<group>"; };
		34AE405F25A6DA7C00B9E08E /* ContentView.swift */ = {isa = PBXFileReference; lastKnownFileType = sourcecode.swift; path = ContentView.swift; sourceTree = "<group>"; };
		34AE406025A6DA8000B9E08E /* Assets.xcassets */ = {isa = PBXFileReference; lastKnownFileType = folder.assetcatalog; path = Assets.xcassets; sourceTree = "<group>"; };
		34AE406525A6DA8000B9E08E /* MyDemoApp.app */ = {isa = PBXFileReference; explicitFileType = wrapper.application; includeInIndex = 0; path = MyDemoApp.app; sourceTree = BUILT_PRODUCTS_DIR; };
		34AE406825A6DA8000B9E08E /* Info.plist */ = {isa = PBXFileReference; lastKnownFileType = text.plist.xml; path = Info.plist; sourceTree = "<group>"; };
		34AE406D25A6DA8000B9E08E /* MyDemoApp.app */ = {isa = PBXFileReference; explicitFileType = wrapper.application; includeInIndex = 0; path = MyDemoApp.app; sourceTree = BUILT_PRODUCTS_DIR; };
		34AE406F25A6DA8000B9E08E /* Info.plist */ = {isa = PBXFileReference; lastKnownFileType = text.plist.xml; path = Info.plist; sourceTree = "<group>"; };
		34AE407025A6DA8000B9E08E /* macOS.entitlements */ = {isa = PBXFileReference; lastKnownFileType = text.plist.entitlements; path = macOS.entitlements; sourceTree = "<group>"; };
/* End PBXFileReference section */

/* Begin PBXFrameworksBuildPhase section */
		34AE406225A6DA8000B9E08E /* Frameworks */ = {
			isa = PBXFrameworksBuildPhase;
			buildActionMask = 2147483647;
			files = (
			);
			runOnlyForDeploymentPostprocessing = 0;
		};
		34AE406A25A6DA8000B9E08E /* Frameworks */ = {
			isa = PBXFrameworksBuildPhase;
			buildActionMask = 2147483647;
			files = (
			);
			runOnlyForDeploymentPostprocessing = 0;
		};
/* End PBXFrameworksBuildPhase section */

/* Begin PBXGroup section */
		34AE405825A6DA7C00B9E08E = {
			isa = PBXGroup;
			children = (
				34AE405D25A6DA7C00B9E08E /* Shared */,
				34AE406725A6DA8000B9E08E /* iOS */,
				34AE406E25A6DA8000B9E08E /* macOS */,
				34AE406625A6DA8000B9E08E /* Products */,
			);
			sourceTree = "<group>";
		};
		34AE405D25A6DA7C00B9E08E /* Shared */ = {
			isa = PBXGroup;
			children = (
				34AE405E25A6DA7C00B9E08E /* MyDemoAppApp.swift */,
				34AE405F25A6DA7C00B9E08E /* ContentView.swift */,
				34AE406025A6DA8000B9E08E /* Assets.xcassets */,
			);
			path = Shared;
			sourceTree = "<group>";
		};
		34AE406625A6DA8000B9E08E /* Products */ = {
			isa = PBXGroup;
			children = (
				34AE406525A6DA8000B9E08E /* MyDemoApp.app */,
				34AE406D25A6DA8000B9E08E /* MyDemoApp.app */,
			);
			name = Products;
			sourceTree = "<group>";
		};
		34AE406725A6DA8000B9E08E /* iOS */ = {
			isa = PBXGroup;
			children = (
				34AE406825A6DA8000B9E08E /* Info.plist */,
			);
			path = iOS;
			sourceTree = "<group>";
		};
		34AE406E25A6DA8000B9E08E /* macOS */ = {
			isa = PBXGroup;
			children = (
				34AE406F25A6DA8000B9E08E /* Info.plist */,
				34AE407025A6DA8000B9E08E /* macOS.entitlements */,
			);
			path = macOS;
			sourceTree = "<group>";
		};
/* End PBXGroup section */

/* Begin PBXNativeTarget section */
		34AE406425A6DA8000B9E08E /* MyDemoApp (iOS) */ = {
			isa = PBXNativeTarget;
			buildConfigurationList = 34AE407925A6DA8000B9E08E /* Build configuration list for PBXNativeTarget "MyDemoApp (iOS)" */;
			buildPhases = (
				34AE406125A6DA8000B9E08E /* Sources */,
				34AE406225A6DA8000B9E08E /* Frameworks */,
				34AE406325A6DA8000B9E08E /* Resources */,
			);
			buildRules = (
			);
			dependencies = (
			);
			name = "MyDemoApp (iOS)";
			productName = "MyDemoApp (iOS)";
			productReference = 34AE406525A6DA8000B9E08E /* MyDemoApp.app */;
			productType = "com.apple.product-type.application";
		};
		34AE406C25A6DA8000B9E08E /* MyDemoApp (macOS) */ = {
			isa = PBXNativeTarget;
			buildConfigurationList = 34AE407C25A6DA8000B9E08E /* Build configuration list for PBXNativeTarget "MyDemoApp (macOS)" */;
			buildPhases = (
				34AE406925A6DA8000B9E08E /* Sources */,
				34AE406A25A6DA8000B9E08E /* Frameworks */,
				34AE406B25A6DA8000B9E08E /* Resources */,
			);
			buildRules = (
			);
			dependencies = (
			);
			name = "MyDemoApp (macOS)";
			productName = "MyDemoApp (macOS)";
			productReference = 34AE406D25A6DA8000B9E08E /* MyDemoApp.app */;
			productType = "com.apple.product-type.application";
		};
/* End PBXNativeTarget section */

/* Begin PBXProject section */
		34AE405925A6DA7C00B9E08E /* Project object */ = {
			isa = PBXProject;
			attributes = {
				LastSwiftUpdateCheck = 1230;
				LastUpgradeCheck = 1230;
				TargetAttributes = {
					34AE406425A6DA8000B9E08E = {
						CreatedOnToolsVersion = 12.3;
					};
					34AE406C25A6DA8000B9E08E = {
						CreatedOnToolsVersion = 12.3;
					};
				};
			};
			buildConfigurationList = 34AE405C25A6DA7C00B9E08E /* Build configuration list for PBXProject "MyDemoApp" */;
			compatibilityVersion = "Xcode 9.3";
			developmentRegion = en;
			hasScannedForEncodings = 0;
			knownRegions = (
				en,
				Base,
			);
			mainGroup = 34AE405825A6DA7C00B9E08E;
			productRefGroup = 34AE406625A6DA8000B9E08E /* Products */;
			projectDirPath = "";
			projectRoot = "";
			targets = (
				34AE406425A6DA8000B9E08E /* MyDemoApp (iOS) */,
				34AE406C25A6DA8000B9E08E /* MyDemoApp (macOS) */,
			);
		};
/* End PBXProject section */

/* Begin PBXResourcesBuildPhase section */
		34AE406325A6DA8000B9E08E /* Resources */ = {
			isa = PBXResourcesBuildPhase;
			buildActionMask = 2147483647;
			files = (
				34AE407525A6DA8000B9E08E /* Assets.xcassets in Resources */,
			);
			runOnlyForDeploymentPostprocessing = 0;
		};
		34AE406B25A6DA8000B9E08E /* Resources */ = {
			isa = PBXResourcesBuildPhase;
			buildActionMask = 2147483647;
			files = (
				34AE407625A6DA8000B9E08E /* Assets.xcassets in Resources */,
			);
			runOnlyForDeploymentPostprocessing = 0;
		};
/* End PBXResourcesBuildPhase section */

/* Begin PBXSourcesBuildPhase section */
		34AE406125A6DA8000B9E08E /* Sources */ = {
			isa = PBXSourcesBuildPhase;
			buildActionMask = 2147483647;
			files = (
				34AE407325A6DA8000B9E08E /* ContentView.swift in Sources */,
				34AE407125A6DA8000B9E08E /* MyDemoAppApp.swift in Sources */,
			);
			runOnlyForDeploymentPostprocessing = 0;
		};
		34AE406925A6DA8000B9E08E /* Sources */ = {
			isa = PBXSourcesBuildPhase;
			buildActionMask = 2147483647;
			files = (
				34AE407425A6DA8000B9E08E /* ContentView.swift in Sources */,
				34AE407225A6DA8000B9E08E /* MyDemoAppApp.swift in Sources */,
			);
			runOnlyForDeploymentPostprocessing = 0;
		};
/* End PBXSourcesBuildPhase section */

/* Begin XCBuildConfiguration section */
		34AE407725A6DA8000B9E08E /* Debug */ = {
			isa = XCBuildConfiguration;
			buildSettings = {
				ALWAYS_SEARCH_USER_PATHS = NO;
				CLANG_ANALYZER_NONNULL = YES;
				CLANG_ANALYZER_NUMBER_OBJECT_CONVERSION = YES_AGGRESSIVE;
				CLANG_CXX_LANGUAGE_STANDARD = "gnu++14";
				CLANG_CXX_LIBRARY = "libc++";
				CLANG_ENABLE_MODULES = YES;
				CLANG_ENABLE_OBJC_ARC = YES;
				CLANG_ENABLE_OBJC_WEAK = YES;
				CLANG_WARN_BLOCK_CAPTURE_AUTORELEASING = YES;
				CLANG_WARN_BOOL_CONVERSION = YES;
				CLANG_WARN_COMMA = YES;
				CLANG_WARN_CONSTANT_CONVERSION = YES;
				CLANG_WARN_DEPRECATED_OBJC_IMPLEMENTATIONS = YES;
				CLANG_WARN_DIRECT_OBJC_ISA_USAGE = YES_ERROR;
				CLANG_WARN_DOCUMENTATION_COMMENTS = YES;
				CLANG_WARN_EMPTY_BODY = YES;
				CLANG_WARN_ENUM_CONVERSION = YES;
				CLANG_WARN_INFINITE_RECURSION = YES;
				CLANG_WARN_INT_CONVERSION = YES;
				CLANG_WARN_NON_LITERAL_NULL_CONVERSION = YES;
				CLANG_WARN_OBJC_IMPLICIT_RETAIN_SELF = YES;
				CLANG_WARN_OBJC_LITERAL_CONVERSION = YES;
				CLANG_WARN_OBJC_ROOT_CLASS = YES_ERROR;
				CLANG_WARN_QUOTED_INCLUDE_IN_FRAMEWORK_HEADER = YES;
				CLANG_WARN_RANGE_LOOP_ANALYSIS = YES;
				CLANG_WARN_STRICT_PROTOTYPES = YES;
				CLANG_WARN_SUSPICIOUS_MOVE = YES;
				CLANG_WARN_UNGUARDED_AVAILABILITY = YES_AGGRESSIVE;
				CLANG_WARN_UNREACHABLE_CODE = YES;
				CLANG_WARN__DUPLICATE_METHOD_MATCH = YES;
				COPY_PHASE_STRIP = NO;
				DEBUG_INFORMATION_FORMAT = dwarf;
				ENABLE_STRICT_OBJC_MSGSEND = YES;
				ENABLE_TESTABILITY = YES;
				GCC_C_LANGUAGE_STANDARD = gnu11;
				GCC_DYNAMIC_NO_PIC = NO;
				GCC_NO_COMMON_BLOCKS = YES;
				GCC_OPTIMIZATION_LEVEL = 0;
				GCC_PREPROCESSOR_DEFINITIONS = (
					"DEBUG=1",
					"$(inherited)",
				);
				GCC_WARN_64_TO_32_BIT_CONVERSION = YES;
				GCC_WARN_ABOUT_RETURN_TYPE = YES_ERROR;
				GCC_WARN_UNDECLARED_SELECTOR = YES;
				GCC_WARN_UNINITIALIZED_AUTOS = YES_AGGRESSIVE;
				GCC_WARN_UNUSED_FUNCTION = YES;
				GCC_WARN_UNUSED_VARIABLE = YES;
				MTL_ENABLE_DEBUG_INFO = INCLUDE_SOURCE;
				MTL_FAST_MATH = YES;
				ONLY_ACTIVE_ARCH = YES;
				SWIFT_ACTIVE_COMPILATION_CONDITIONS = DEBUG;
				SWIFT_OPTIMIZATION_LEVEL = "-Onone";
			};
			name = Debug;
		};
		34AE407825A6DA8000B9E08E /* Release */ = {
			isa = XCBuildConfiguration;
			buildSettings = {
				ALWAYS_SEARCH_USER_PATHS = NO;
				CLANG_ANALYZER_NONNULL = YES;
				CLANG_ANALYZER_NUMBER_OBJECT_CONVERSION = YES_AGGRESSIVE;
				CLANG_CXX_LANGUAGE_STANDARD = "gnu++14";
				CLANG_CXX_LIBRARY = "libc++";
				CLANG_ENABLE_MODULES = YES;
				CLANG_ENABLE_OBJC_ARC = YES;
				CLANG_ENABLE_OBJC_WEAK = YES;
				CLANG_WARN_BLOCK_CAPTURE_AUTORELEASING = YES;
				CLANG_WARN_BOOL_CONVERSION = YES;
				CLANG_WARN_COMMA = YES;
				CLANG_WARN_CONSTANT_CONVERSION = YES;
				CLANG_WARN_DEPRECATED_OBJC_IMPLEMENTATIONS = YES;
				CLANG_WARN_DIRECT_OBJC_ISA_USAGE = YES_ERROR;
				CLANG_WARN_DOCUMENTATION_COMMENTS = YES;
				CLANG_WARN_EMPTY_BODY = YES;
				CLANG_WARN_ENUM_CONVERSION = YES;
				CLANG_WARN_INFINITE_RECURSION = YES;
				CLANG_WARN_INT_CONVERSION = YES;
				CLANG_WARN_NON_LITERAL_NULL_CONVERSION = YES;
				CLANG_WARN_OBJC_IMPLICIT_RETAIN_SELF = YES;
				CLANG_WARN_OBJC_LITERAL_CONVERSION = YES;
				CLANG_WARN_OBJC_ROOT_CLASS = YES_ERROR;
				CLANG_WARN_QUOTED_INCLUDE_IN_FRAMEWORK_HEADER = YES;
				CLANG_WARN_RANGE_LOOP_ANALYSIS = YES;
				CLANG_WARN_STRICT_PROTOTYPES = YES;
				CLANG_WARN_SUSPICIOUS_MOVE = YES;
				CLANG_WARN_UNGUARDED_AVAILABILITY = YES_AGGRESSIVE;
				CLANG_WARN_UNREACHABLE_CODE = YES;
				CLANG_WARN__DUPLICATE_METHOD_MATCH = YES;
				COPY_PHASE_STRIP = NO;
				DEBUG_INFORMATION_FORMAT = "dwarf-with-dsym";
				ENABLE_NS_ASSERTIONS = NO;
				ENABLE_STRICT_OBJC_MSGSEND = YES;
				GCC_C_LANGUAGE_STANDARD = gnu11;
				GCC_NO_COMMON_BLOCKS = YES;
				GCC_WARN_64_TO_32_BIT_CONVERSION = YES;
				GCC_WARN_ABOUT_RETURN_TYPE = YES_ERROR;
				GCC_WARN_UNDECLARED_SELECTOR = YES;
				GCC_WARN_UNINITIALIZED_AUTOS = YES_AGGRESSIVE;
				GCC_WARN_UNUSED_FUNCTION = YES;
				GCC_WARN_UNUSED_VARIABLE = YES;
				MTL_ENABLE_DEBUG_INFO = NO;
				MTL_FAST_MATH = YES;
				SWIFT_COMPILATION_MODE = wholemodule;
				SWIFT_OPTIMIZATION_LEVEL = "-O";
			};
			name = Release;
		};
		34AE407A25A6DA8000B9E08E /* Debug */ = {
			isa = XCBuildConfiguration;
			buildSettings = {
				ASSETCATALOG_COMPILER_APPICON_NAME = AppIcon;
				ASSETCATALOG_COMPILER_GLOBAL_ACCENT_COLOR_NAME = AccentColor;
				CODE_SIGN_STYLE = Automatic;
				DEVELOPMENT_TEAM = SX2P37942F;
				ENABLE_PREVIEWS = YES;
				INFOPLIST_FILE = iOS/Info.plist;
				IPHONEOS_DEPLOYMENT_TARGET = 14.0;
				LD_RUNPATH_SEARCH_PATHS = (
					"$(inherited)",
					"@executable_path/Frameworks",
				);
				PRODUCT_BUNDLE_IDENTIFIER = com.shenxiaochun.MyDemoApp;
				PRODUCT_NAME = MyDemoApp;
				SDKROOT = iphoneos;
				SWIFT_VERSION = 5.0;
				TARGETED_DEVICE_FAMILY = "1,2";
			};
			name = Debug;
		};
		34AE407B25A6DA8000B9E08E /* Release */ = {
			isa = XCBuildConfiguration;
			buildSettings = {
				ASSETCATALOG_COMPILER_APPICON_NAME = AppIcon;
				ASSETCATALOG_COMPILER_GLOBAL_ACCENT_COLOR_NAME = AccentColor;
				CODE_SIGN_STYLE = Automatic;
				DEVELOPMENT_TEAM = SX2P37942F;
				ENABLE_PREVIEWS = YES;
				INFOPLIST_FILE = iOS/Info.plist;
				IPHONEOS_DEPLOYMENT_TARGET = 14.0;
				LD_RUNPATH_SEARCH_PATHS = (
					"$(inherited)",
					"@executable_path/Frameworks",
				);
				PRODUCT_BUNDLE_IDENTIFIER = com.shenxiaochun.MyDemoApp;
				PRODUCT_NAME = MyDemoApp;
				SDKROOT = iphoneos;
				SWIFT_VERSION = 5.0;
				TARGETED_DEVICE_FAMILY = "1,2";
				VALIDATE_PRODUCT = YES;
			};
			name = Release;
		};
		34AE407D25A6DA8000B9E08E /* Debug */ = {
			isa = XCBuildConfiguration;
			buildSettings = {
				ASSETCATALOG_COMPILER_APPICON_NAME = AppIcon;
				ASSETCATALOG_COMPILER_GLOBAL_ACCENT_COLOR_NAME = AccentColor;
				CODE_SIGN_ENTITLEMENTS = macOS/macOS.entitlements;
				CODE_SIGN_STYLE = Automatic;
				COMBINE_HIDPI_IMAGES = YES;
				DEVELOPMENT_TEAM = SX2P37942F;
				ENABLE_HARDENED_RUNTIME = YES;
				ENABLE_PREVIEWS = YES;
				INFOPLIST_FILE = macOS/Info.plist;
				LD_RUNPATH_SEARCH_PATHS = (
					"$(inherited)",
					"@executable_path/../Frameworks",
				);
				MACOSX_DEPLOYMENT_TARGET = 11.0;
				PRODUCT_BUNDLE_IDENTIFIER = com.shenxiaochun.MyDemoApp;
				PRODUCT_NAME = MyDemoApp;
				SDKROOT = macosx;
				SWIFT_VERSION = 5.0;
			};
			name = Debug;
		};
		34AE407E25A6DA8000B9E08E /* Release */ = {
			isa = XCBuildConfiguration;
			buildSettings = {
				ASSETCATALOG_COMPILER_APPICON_NAME = AppIcon;
				ASSETCATALOG_COMPILER_GLOBAL_ACCENT_COLOR_NAME = AccentColor;
				CODE_SIGN_ENTITLEMENTS = macOS/macOS.entitlements;
				CODE_SIGN_STYLE = Automatic;
				COMBINE_HIDPI_IMAGES = YES;
				DEVELOPMENT_TEAM = SX2P37942F;
				ENABLE_HARDENED_RUNTIME = YES;
				ENABLE_PREVIEWS = YES;
				INFOPLIST_FILE = macOS/Info.plist;
				LD_RUNPATH_SEARCH_PATHS = (
					"$(inherited)",
					"@executable_path/../Frameworks",
				);
				MACOSX_DEPLOYMENT_TARGET = 11.0;
				PRODUCT_BUNDLE_IDENTIFIER = com.shenxiaochun.MyDemoApp;
				PRODUCT_NAME = MyDemoApp;
				SDKROOT = macosx;
				SWIFT_VERSION = 5.0;
			};
			name = Release;
		};
/* End XCBuildConfiguration section */

/* Begin XCConfigurationList section */
		34AE405C25A6DA7C00B9E08E /* Build configuration list for PBXProject "MyDemoApp" */ = {
			isa = XCConfigurationList;
			buildConfigurations = (
				34AE407725A6DA8000B9E08E /* Debug */,
				34AE407825A6DA8000B9E08E /* Release */,
			);
			defaultConfigurationIsVisible = 0;
			defaultConfigurationName = Release;
		};
		34AE407925A6DA8000B9E08E /* Build configuration list for PBXNativeTarget "MyDemoApp (iOS)" */ = {
			isa = XCConfigurationList;
			buildConfigurations = (
				34AE407A25A6DA8000B9E08E /* Debug */,
				34AE407B25A6DA8000B9E08E /* Release */,
			);
			defaultConfigurationIsVisible = 0;
			defaultConfigurationName = Release;
		};
		34AE407C25A6DA8000B9E08E /* Build configuration list for PBXNativeTarget "MyDemoApp (macOS)" */ = {
			isa = XCConfigurationList;
			buildConfigurations = (
				34AE407D25A6DA8000B9E08E /* Debug */,
				34AE407E25A6DA8000B9E08E /* Release */,
			);
			defaultConfigurationIsVisible = 0;
			defaultConfigurationName = Release;
		};
/* End XCConfigurationList section */
	};
	rootObject = 34AE405925A6DA7C00B9E08E /* Project object */;
}
